
Microsoft Visual Studio Solution File, Format Version 12.00
# Visual Studio Version 17
VisualStudioVersion = 17.10.35013.160
MinimumVisualStudioVersion = 10.0.40219.1
Project("{FAE04EC0-301F-11D3-BF4B-00C04F79EFBC}") = "PostalCode", "PostalCode\PostalCode.csproj", "{4F0B91F8-EDB8-43A2-8C63-81D169B8210E}"
EndProject
Project("{FAE04EC0-301F-11D3-BF4B-00C04F79EFBC}") = "PostalCodeServer", "PostalCodeServer\PostalCodeServer.csproj", "{68A26F74-56D0-4709-9736-2D9B9DAB762C}"
EndProject
Global
	GlobalSection(SolutionConfigurationPlatforms) = preSolution
		Debug|Any CPU = Debug|Any CPU
		Release|Any CPU = Release|Any CPU
	EndGlobalSection
	GlobalSection(ProjectConfigurationPlatforms) = postSolution
		{4F0B91F8-EDB8-43A2-8C63-81D169B8210E}.Debug|Any CPU.ActiveCfg = Debug|Any CPU
		{4F0B91F8-EDB8-43A2-8C63-81D169B8210E}.Debug|Any CPU.Build.0 = Debug|Any CPU
		{4F0B91F8-EDB8-43A2-8C63-81D169B8210E}.Release|Any CPU.ActiveCfg = Release|Any CPU
		{4F0B91F8-EDB8-43A2-8C63-81D169B8210E}.Release|Any CPU.Build.0 = Release|Any CPU
		{68A26F74-56D0-4709-9736-2D9B9DAB762C}.Debug|Any CPU.ActiveCfg = Debug|Any CPU
		{68A26F74-56D0-4709-9736-2D9B9DAB762C}.Debug|Any CPU.Build.0 = Debug|Any CPU
		{68A26F74-56D0-4709-9736-2D9B9DAB762C}.Release|Any CPU.ActiveCfg = Release|Any CPU
		{68A26F74-56D0-4709-9736-2D9B9DAB762C}.Release|Any CPU.Build.0 = Release|Any CPU
	EndGlobalSection
	GlobalSection(SolutionProperties) = preSolution
		HideSolutionNode = FALSE
	EndGlobalSection
	GlobalSection(ExtensibilityGlobals) = postSolution
		SolutionGuid = {837EA3ED-5CEC-41B7-A6C4-2EE6399CB77C}
	EndGlobalSection
EndGlobal
